// !$*UTF8*$!
{
	archiveVersion = 1;
	classes = {
	};
	objectVersion = 50;
	objects = {

/* Begin PBXBuildFile section */
		D1EC09BC25B9707400402D76 /* DiceGameApp.swift in Sources */ = {isa = PBXBuildFile; fileRef = D1EC09BB25B9707400402D76 /* DiceGameApp.swift */; };
		D1EC09BE25B9707400402D76 /* ContentView.swift in Sources */ = {isa = PBXBuildFile; fileRef = D1EC09BD25B9707400402D76 /* ContentView.swift */; };
		D1EC09C025B9707B00402D76 /* Assets.xcassets in Resources */ = {isa = PBXBuildFile; fileRef = D1EC09BF25B9707B00402D76 /* Assets.xcassets */; };
		D1EC09C325B9707B00402D76 /* Preview Assets.xcassets in Resources */ = {isa = PBXBuildFile; fileRef = D1EC09C225B9707B00402D76 /* Preview Assets.xcassets */; };
		D1EC09CE25B9707C00402D76 /* DiceGameTests.swift in Sources */ = {isa = PBXBuildFile; fileRef = D1EC09CD25B9707C00402D76 /* DiceGameTests.swift */; };
		D1EC09D925B9707C00402D76 /* DiceGameUITests.swift in Sources */ = {isa = PBXBuildFile; fileRef = D1EC09D825B9707C00402D76 /* DiceGameUITests.swift */; };
/* End PBXBuildFile section */

/* Begin PBXContainerItemProxy section */
		D1EC09CA25B9707C00402D76 /* PBXContainerItemProxy */ = {
			isa = PBXContainerItemProxy;
			containerPortal = D1EC09B025B9707300402D76 /* Project object */;
			proxyType = 1;
			remoteGlobalIDString = D1EC09B725B9707400402D76;
			remoteInfo = DiceGame;
		};
		D1EC09D525B9707C00402D76 /* PBXContainerItemProxy */ = {
			isa = PBXContainerItemProxy;
			containerPortal = D1EC09B025B9707300402D76 /* Project object */;
			proxyType = 1;
			remoteGlobalIDString = D1EC09B725B9707400402D76;
			remoteInfo = DiceGame;
		};
/* End PBXContainerItemProxy section */

/* Begin PBXFileReference section */
		D1EC09B825B9707400402D76 /* DiceGame.app */ = {isa = PBXFileReference; explicitFileType = wrapper.application; includeInIndex = 0; path = DiceGame.app; sourceTree = BUILT_PRODUCTS_DIR; };
		D1EC09BB25B9707400402D76 /* DiceGameApp.swift */ = {isa = PBXFileReference; lastKnownFileType = sourcecode.swift; path = DiceGameApp.swift; sourceTree = "<group>"; };
		D1EC09BD25B9707400402D76 /* ContentView.swift */ = {isa = PBXFileReference; lastKnownFileType = sourcecode.swift; path = ContentView.swift; sourceTree = "<group>"; };
		D1EC09BF25B9707B00402D76 /* Assets.xcassets */ = {isa = PBXFileReference; lastKnownFileType = folder.assetcatalog; path = Assets.xcassets; sourceTree = "<group>"; };
		D1EC09C225B9707B00402D76 /* Preview Assets.xcassets */ = {isa = PBXFileReference; lastKnownFileType = folder.assetcatalog; path = "Preview Assets.xcassets"; sourceTree = "<group>"; };
		D1EC09C425B9707B00402D76 /* Info.plist */ = {isa = PBXFileReference; lastKnownFileType = text.plist.xml; path = Info.plist; sourceTree = "<group>"; };
		D1EC09C925B9707C00402D76 /* DiceGameTests.xctest */ = {isa = PBXFileReference; explicitFileType = wrapper.cfbundle; includeInIndex = 0; path = DiceGameTests.xctest; sourceTree = BUILT_PRODUCTS_DIR; };
		D1EC09CD25B9707C00402D76 /* DiceGameTests.swift */ = {isa = PBXFileReference; lastKnownFileType = sourcecode.swift; path = DiceGameTests.swift; sourceTree = "<group>"; };
		D1EC09CF25B9707C00402D76 /* Info.plist */ = {isa = PBXFileReference; lastKnownFileType = text.plist.xml; path = Info.plist; sourceTree = "<group>"; };
		D1EC09D425B9707C00402D76 /* DiceGameUITests.xctest */ = {isa = PBXFileReference; explicitFileType = wrapper.cfbundle; includeInIndex = 0; path = DiceGameUITests.xctest; sourceTree = BUILT_PRODUCTS_DIR; };
		D1EC09D825B9707C00402D76 /* DiceGameUITests.swift */ = {isa = PBXFileReference; lastKnownFileType = sourcecode.swift; path = DiceGameUITests.swift; sourceTree = "<group>"; };
		D1EC09DA25B9707C00402D76 /* Info.plist */ = {isa = PBXFileReference; lastKnownFileType = text.plist.xml; path = Info.plist; sourceTree = "<group>"; };
/* End PBXFileReference section */

/* Begin PBXFrameworksBuildPhase section */
		D1EC09B525B9707400402D76 /* Frameworks */ = {
			isa = PBXFrameworksBuildPhase;
			buildActionMask = 2147483647;
			files = (
			);
			runOnlyForDeploymentPostprocessing = 0;
		};
		D1EC09C625B9707C00402D76 /* Frameworks */ = {
			isa = PBXFrameworksBuildPhase;
			buildActionMask = 2147483647;
			files = (
			);
			runOnlyForDeploymentPostprocessing = 0;
		};
		D1EC09D125B9707C00402D76 /* Frameworks */ = {
			isa = PBXFrameworksBuildPhase;
			buildActionMask = 2147483647;
			files = (
			);
			runOnlyForDeploymentPostprocessing = 0;
		};
/* End PBXFrameworksBuildPhase section */

/* Begin PBXGroup section */
		D1EC09AF25B9707300402D76 = {
			isa = PBXGroup;
			children = (
				D1EC09BA25B9707400402D76 /* DiceGame */,
				D1EC09CC25B9707C00402D76 /* DiceGameTests */,
				D1EC09D725B9707C00402D76 /* DiceGameUITests */,
				D1EC09B925B9707400402D76 /* Products */,
			);
			sourceTree = "<group>";
		};
		D1EC09B925B9707400402D76 /* Products */ = {
			isa = PBXGroup;
			children = (
				D1EC09B825B9707400402D76 /* DiceGame.app */,
				D1EC09C925B9707C00402D76 /* DiceGameTests.xctest */,
				D1EC09D425B9707C00402D76 /* DiceGameUITests.xctest */,
			);
			name = Products;
			sourceTree = "<group>";
		};
		D1EC09BA25B9707400402D76 /* DiceGame */ = {
			isa = PBXGroup;
			children = (
				D1EC09BB25B9707400402D76 /* DiceGameApp.swift */,
				D1EC09BD25B9707400402D76 /* ContentView.swift */,
				D1EC09BF25B9707B00402D76 /* Assets.xcassets */,
				D1EC09C425B9707B00402D76 /* Info.plist */,
				D1EC09C125B9707B00402D76 /* Preview Content */,
			);
			path = DiceGame;
			sourceTree = "<group>";
		};
		D1EC09C125B9707B00402D76 /* Preview Content */ = {
			isa = PBXGroup;
			children = (
				D1EC09C225B9707B00402D76 /* Preview Assets.xcassets */,
			);
			path = "Preview Content";
			sourceTree = "<group>";
		};
		D1EC09CC25B9707C00402D76 /* DiceGameTests */ = {
			isa = PBXGroup;
			children = (
				D1EC09CD25B9707C00402D76 /* DiceGameTests.swift */,
				D1EC09CF25B9707C00402D76 /* Info.plist */,
			);
			path = DiceGameTests;
			sourceTree = "<group>";
		};
		D1EC09D725B9707C00402D76 /* DiceGameUITests */ = {
			isa = PBXGroup;
			children = (
				D1EC09D825B9707C00402D76 /* DiceGameUITests.swift */,
				D1EC09DA25B9707C00402D76 /* Info.plist */,
			);
			path = DiceGameUITests;
			sourceTree = "<group>";
		};
/* End PBXGroup section */

/* Begin PBXNativeTarget section */
		D1EC09B725B9707400402D76 /* DiceGame */ = {
			isa = PBXNativeTarget;
			buildConfigurationList = D1EC09DD25B9707C00402D76 /* Build configuration list for PBXNativeTarget "DiceGame" */;
			buildPhases = (
				D1EC09B425B9707400402D76 /* Sources */,
				D1EC09B525B9707400402D76 /* Frameworks */,
				D1EC09B625B9707400402D76 /* Resources */,
			);
			buildRules = (
			);
			dependencies = (
			);
			name = DiceGame;
			productName = DiceGame;
			productReference = D1EC09B825B9707400402D76 /* DiceGame.app */;
			productType = "com.apple.product-type.application";
		};
		D1EC09C825B9707C00402D76 /* DiceGameTests */ = {
			isa = PBXNativeTarget;
			buildConfigurationList = D1EC09E025B9707C00402D76 /* Build configuration list for PBXNativeTarget "DiceGameTests" */;
			buildPhases = (
				D1EC09C525B9707C00402D76 /* Sources */,
				D1EC09C625B9707C00402D76 /* Frameworks */,
				D1EC09C725B9707C00402D76 /* Resources */,
			);
			buildRules = (
			);
			dependencies = (
				D1EC09CB25B9707C00402D76 /* PBXTargetDependency */,
			);
			name = DiceGameTests;
			productName = DiceGameTests;
			productReference = D1EC09C925B9707C00402D76 /* DiceGameTests.xctest */;
			productType = "com.apple.product-type.bundle.unit-test";
		};
		D1EC09D325B9707C00402D76 /* DiceGameUITests */ = {
			isa = PBXNativeTarget;
			buildConfigurationList = D1EC09E325B9707C00402D76 /* Build configuration list for PBXNativeTarget "DiceGameUITests" */;
			buildPhases = (
				D1EC09D025B9707C00402D76 /* Sources */,
				D1EC09D125B9707C00402D76 /* Frameworks */,
				D1EC09D225B9707C00402D76 /* Resources */,
			);
			buildRules = (
			);
			dependencies = (
				D1EC09D625B9707C00402D76 /* PBXTargetDependency */,
			);
			name = DiceGameUITests;
			productName = DiceGameUITests;
			productReference = D1EC09D425B9707C00402D76 /* DiceGameUITests.xctest */;
			productType = "com.apple.product-type.bundle.ui-testing";
		};
/* End PBXNativeTarget section */

/* Begin PBXProject section */
		D1EC09B025B9707300402D76 /* Project object */ = {
			isa = PBXProject;
			attributes = {
				LastSwiftUpdateCheck = 1230;
				LastUpgradeCheck = 1230;
				TargetAttributes = {
					D1EC09B725B9707400402D76 = {
						CreatedOnToolsVersion = 12.3;
					};
					D1EC09C825B9707C00402D76 = {
						CreatedOnToolsVersion = 12.3;
						TestTargetID = D1EC09B725B9707400402D76;
					};
					D1EC09D325B9707C00402D76 = {
						CreatedOnToolsVersion = 12.3;
						TestTargetID = D1EC09B725B9707400402D76;
					};
				};
			};
			buildConfigurationList = D1EC09B325B9707300402D76 /* Build configuration list for PBXProject "DiceGame" */;
			compatibilityVersion = "Xcode 9.3";
			developmentRegion = en;
			hasScannedForEncodings = 0;
			knownRegions = (
				en,
				Base,
			);
			mainGroup = D1EC09AF25B9707300402D76;
			productRefGroup = D1EC09B925B9707400402D76 /* Products */;
			projectDirPath = "";
			projectRoot = "";
			targets = (
				D1EC09B725B9707400402D76 /* DiceGame */,
				D1EC09C825B9707C00402D76 /* DiceGameTests */,
				D1EC09D325B9707C00402D76 /* DiceGameUITests */,
			);
		};
/* End PBXProject section */

/* Begin PBXResourcesBuildPhase section */
		D1EC09B625B9707400402D76 /* Resources */ = {
			isa = PBXResourcesBuildPhase;
			buildActionMask = 2147483647;
			files = (
				D1EC09C325B9707B00402D76 /* Preview Assets.xcassets in Resources */,
				D1EC09C025B9707B00402D76 /* Assets.xcassets in Resources */,
			);
			runOnlyForDeploymentPostprocessing = 0;
		};
		D1EC09C725B9707C00402D76 /* Resources */ = {
			isa = PBXResourcesBuildPhase;
			buildActionMask = 2147483647;
			files = (
			);
			runOnlyForDeploymentPostprocessing = 0;
		};
		D1EC09D225B9707C00402D76 /* Resources */ = {
			isa = PBXResourcesBuildPhase;
			buildActionMask = 2147483647;
			files = (
			);
			runOnlyForDeploymentPostprocessing = 0;
		};
/* End PBXResourcesBuildPhase section */

/* Begin PBXSourcesBuildPhase section */
		D1EC09B425B9707400402D76 /* Sources */ = {
			isa = PBXSourcesBuildPhase;
			buildActionMask = 2147483647;
			files = (
				D1EC09BE25B9707400402D76 /* ContentView.swift in Sources */,
				D1EC09BC25B9707400402D76 /* DiceGameApp.swift in Sources */,
			);
			runOnlyForDeploymentPostprocessing = 0;
		};
		D1EC09C525B9707C00402D76 /* Sources */ = {
			isa = PBXSourcesBuildPhase;
			buildActionMask = 2147483647;
			files = (
				D1EC09CE25B9707C00402D76 /* DiceGameTests.swift in Sources */,
			);
			runOnlyForDeploymentPostprocessing = 0;
		};
		D1EC09D025B9707C00402D76 /* Sources */ = {
			isa = PBXSourcesBuildPhase;
			buildActionMask = 2147483647;
			files = (
				D1EC09D925B9707C00402D76 /* DiceGameUITests.swift in Sources */,
			);
			runOnlyForDeploymentPostprocessing = 0;
		};
/* End PBXSourcesBuildPhase section */

/* Begin PBXTargetDependency section */
		D1EC09CB25B9707C00402D76 /* PBXTargetDependency */ = {
			isa = PBXTargetDependency;
			target = D1EC09B725B9707400402D76 /* DiceGame */;
			targetProxy = D1EC09CA25B9707C00402D76 /* PBXContainerItemProxy */;
		};
		D1EC09D625B9707C00402D76 /* PBXTargetDependency */ = {
			isa = PBXTargetDependency;
			target = D1EC09B725B9707400402D76 /* DiceGame */;
			targetProxy = D1EC09D525B9707C00402D76 /* PBXContainerItemProxy */;
		};
/* End PBXTargetDependency section */

/* Begin XCBuildConfiguration section */
		D1EC09DB25B9707C00402D76 /* Debug */ = {
			isa = XCBuildConfiguration;
			buildSettings = {
				ALWAYS_SEARCH_USER_PATHS = NO;
				CLANG_ANALYZER_NONNULL = YES;
				CLANG_ANALYZER_NUMBER_OBJECT_CONVERSION = YES_AGGRESSIVE;
				CLANG_CXX_LANGUAGE_STANDARD = "gnu++14";
				CLANG_CXX_LIBRARY = "libc++";
				CLANG_ENABLE_MODULES = YES;
				CLANG_ENABLE_OBJC_ARC = YES;
				CLANG_ENABLE_OBJC_WEAK = YES;
				CLANG_WARN_BLOCK_CAPTURE_AUTORELEASING = YES;
				CLANG_WARN_BOOL_CONVERSION = YES;
				CLANG_WARN_COMMA = YES;
				CLANG_WARN_CONSTANT_CONVERSION = YES;
				CLANG_WARN_DEPRECATED_OBJC_IMPLEMENTATIONS = YES;
				CLANG_WARN_DIRECT_OBJC_ISA_USAGE = YES_ERROR;
				CLANG_WARN_DOCUMENTATION_COMMENTS = YES;
				CLANG_WARN_EMPTY_BODY = YES;
				CLANG_WARN_ENUM_CONVERSION = YES;
				CLANG_WARN_INFINITE_RECURSION = YES;
				CLANG_WARN_INT_CONVERSION = YES;
				CLANG_WARN_NON_LITERAL_NULL_CONVERSION = YES;
				CLANG_WARN_OBJC_IMPLICIT_RETAIN_SELF = YES;
				CLANG_WARN_OBJC_LITERAL_CONVERSION = YES;
				CLANG_WARN_OBJC_ROOT_CLASS = YES_ERROR;
				CLANG_WARN_QUOTED_INCLUDE_IN_FRAMEWORK_HEADER = YES;
				CLANG_WARN_RANGE_LOOP_ANALYSIS = YES;
				CLANG_WARN_STRICT_PROTOTYPES = YES;
				CLANG_WARN_SUSPICIOUS_MOVE = YES;
				CLANG_WARN_UNGUARDED_AVAILABILITY = YES_AGGRESSIVE;
				CLANG_WARN_UNREACHABLE_CODE = YES;
				CLANG_WARN__DUPLICATE_METHOD_MATCH = YES;
				COPY_PHASE_STRIP = NO;
				DEBUG_INFORMATION_FORMAT = dwarf;
				ENABLE_STRICT_OBJC_MSGSEND = YES;
				ENABLE_TESTABILITY = YES;
				GCC_C_LANGUAGE_STANDARD = gnu11;
				GCC_DYNAMIC_NO_PIC = NO;
				GCC_NO_COMMON_BLOCKS = YES;
				GCC_OPTIMIZATION_LEVEL = 0;
				GCC_PREPROCESSOR_DEFINITIONS = (
					"DEBUG=1",
					"$(inherited)",
				);
				GCC_WARN_64_TO_32_BIT_CONVERSION = YES;
				GCC_WARN_ABOUT_RETURN_TYPE = YES_ERROR;
				GCC_WARN_UNDECLARED_SELECTOR = YES;
				GCC_WARN_UNINITIALIZED_AUTOS = YES_AGGRESSIVE;
				GCC_WARN_UNUSED_FUNCTION = YES;
				GCC_WARN_UNUSED_VARIABLE = YES;
				IPHONEOS_DEPLOYMENT_TARGET = 14.3;
				MTL_ENABLE_DEBUG_INFO = INCLUDE_SOURCE;
				MTL_FAST_MATH = YES;
				ONLY_ACTIVE_ARCH = YES;
				SDKROOT = iphoneos;
				SWIFT_ACTIVE_COMPILATION_CONDITIONS = DEBUG;
				SWIFT_OPTIMIZATION_LEVEL = "-Onone";
			};
			name = Debug;
		};
		D1EC09DC25B9707C00402D76 /* Release */ = {
			isa = XCBuildConfiguration;
			buildSettings = {
				ALWAYS_SEARCH_USER_PATHS = NO;
				CLANG_ANALYZER_NONNULL = YES;
				CLANG_ANALYZER_NUMBER_OBJECT_CONVERSION = YES_AGGRESSIVE;
				CLANG_CXX_LANGUAGE_STANDARD = "gnu++14";
				CLANG_CXX_LIBRARY = "libc++";
				CLANG_ENABLE_MODULES = YES;
				CLANG_ENABLE_OBJC_ARC = YES;
				CLANG_ENABLE_OBJC_WEAK = YES;
				CLANG_WARN_BLOCK_CAPTURE_AUTORELEASING = YES;
				CLANG_WARN_BOOL_CONVERSION = YES;
				CLANG_WARN_COMMA = YES;
				CLANG_WARN_CONSTANT_CONVERSION = YES;
				CLANG_WARN_DEPRECATED_OBJC_IMPLEMENTATIONS = YES;
				CLANG_WARN_DIRECT_OBJC_ISA_USAGE = YES_ERROR;
				CLANG_WARN_DOCUMENTATION_COMMENTS = YES;
				CLANG_WARN_EMPTY_BODY = YES;
				CLANG_WARN_ENUM_CONVERSION = YES;
				CLANG_WARN_INFINITE_RECURSION = YES;
				CLANG_WARN_INT_CONVERSION = YES;
				CLANG_WARN_NON_LITERAL_NULL_CONVERSION = YES;
				CLANG_WARN_OBJC_IMPLICIT_RETAIN_SELF = YES;
				CLANG_WARN_OBJC_LITERAL_CONVERSION = YES;
				CLANG_WARN_OBJC_ROOT_CLASS = YES_ERROR;
				CLANG_WARN_QUOTED_INCLUDE_IN_FRAMEWORK_HEADER = YES;
				CLANG_WARN_RANGE_LOOP_ANALYSIS = YES;
				CLANG_WARN_STRICT_PROTOTYPES = YES;
				CLANG_WARN_SUSPICIOUS_MOVE = YES;
				CLANG_WARN_UNGUARDED_AVAILABILITY = YES_AGGRESSIVE;
				CLANG_WARN_UNREACHABLE_CODE = YES;
				CLANG_WARN__DUPLICATE_METHOD_MATCH = YES;
				COPY_PHASE_STRIP = NO;
				DEBUG_INFORMATION_FORMAT = "dwarf-with-dsym";
				ENABLE_NS_ASSERTIONS = NO;
				ENABLE_STRICT_OBJC_MSGSEND = YES;
				GCC_C_LANGUAGE_STANDARD = gnu11;
				GCC_NO_COMMON_BLOCKS = YES;
				GCC_WARN_64_TO_32_BIT_CONVERSION = YES;
				GCC_WARN_ABOUT_RETURN_TYPE = YES_ERROR;
				GCC_WARN_UNDECLARED_SELECTOR = YES;
				GCC_WARN_UNINITIALIZED_AUTOS = YES_AGGRESSIVE;
				GCC_WARN_UNUSED_FUNCTION = YES;
				GCC_WARN_UNUSED_VARIABLE = YES;
				IPHONEOS_DEPLOYMENT_TARGET = 14.3;
				MTL_ENABLE_DEBUG_INFO = NO;
				MTL_FAST_MATH = YES;
				SDKROOT = iphoneos;
				SWIFT_COMPILATION_MODE = wholemodule;
				SWIFT_OPTIMIZATION_LEVEL = "-O";
				VALIDATE_PRODUCT = YES;
			};
			name = Release;
		};
		D1EC09DE25B9707C00402D76 /* Debug */ = {
			isa = XCBuildConfiguration;
			buildSettings = {
				ASSETCATALOG_COMPILER_APPICON_NAME = AppIcon;
				ASSETCATALOG_COMPILER_GLOBAL_ACCENT_COLOR_NAME = AccentColor;
				CODE_SIGN_STYLE = Automatic;
				DEVELOPMENT_ASSET_PATHS = "\"DiceGame/Preview Content\"";
				DEVELOPMENT_TEAM = V2PX7DMZ4Q;
				ENABLE_PREVIEWS = YES;
				INFOPLIST_FILE = DiceGame/Info.plist;
				IPHONEOS_DEPLOYMENT_TARGET = 14.0;
				LD_RUNPATH_SEARCH_PATHS = (
					"$(inherited)",
					"@executable_path/Frameworks",
				);
				PRODUCT_BUNDLE_IDENTIFIER = sara.DiceGame;
				PRODUCT_NAME = "$(TARGET_NAME)";
				SWIFT_VERSION = 5.0;
				TARGETED_DEVICE_FAMILY = "1,2";
			};
			name = Debug;
		};
		D1EC09DF25B9707C00402D76 /* Release */ = {
			isa = XCBuildConfiguration;
			buildSettings = {
				ASSETCATALOG_COMPILER_APPICON_NAME = AppIcon;
				ASSETCATALOG_COMPILER_GLOBAL_ACCENT_COLOR_NAME = AccentColor;
				CODE_SIGN_STYLE = Automatic;
				DEVELOPMENT_ASSET_PATHS = "\"DiceGame/Preview Content\"";
				DEVELOPMENT_TEAM = V2PX7DMZ4Q;
				ENABLE_PREVIEWS = YES;
				INFOPLIST_FILE = DiceGame/Info.plist;
				IPHONEOS_DEPLOYMENT_TARGET = 14.0;
				LD_RUNPATH_SEARCH_PATHS = (
					"$(inherited)",
					"@executable_path/Frameworks",
				);
				PRODUCT_BUNDLE_IDENTIFIER = sara.DiceGame;
				PRODUCT_NAME = "$(TARGET_NAME)";
				SWIFT_VERSION = 5.0;
				TARGETED_DEVICE_FAMILY = "1,2";
			};
			name = Release;
		};
		D1EC09E125B9707C00402D76 /* Debug */ = {
			isa = XCBuildConfiguration;
			buildSettings = {
				ALWAYS_EMBED_SWIFT_STANDARD_LIBRARIES = YES;
				BUNDLE_LOADER = "$(TEST_HOST)";
				CODE_SIGN_STYLE = Automatic;
				DEVELOPMENT_TEAM = V2PX7DMZ4Q;
				INFOPLIST_FILE = DiceGameTests/Info.plist;
				IPHONEOS_DEPLOYMENT_TARGET = 14.0;
				LD_RUNPATH_SEARCH_PATHS = (
					"$(inherited)",
					"@executable_path/Frameworks",
					"@loader_path/Frameworks",
				);
				PRODUCT_BUNDLE_IDENTIFIER = sara.DiceGameTests;
				PRODUCT_NAME = "$(TARGET_NAME)";
				SWIFT_VERSION = 5.0;
				TARGETED_DEVICE_FAMILY = "1,2";
				TEST_HOST = "$(BUILT_PRODUCTS_DIR)/DiceGame.app/DiceGame";
			};
			name = Debug;
		};
		D1EC09E225B9707C00402D76 /* Release */ = {
			isa = XCBuildConfiguration;
			buildSettings = {
				ALWAYS_EMBED_SWIFT_STANDARD_LIBRARIES = YES;
				BUNDLE_LOADER = "$(TEST_HOST)";
				CODE_SIGN_STYLE = Automatic;
				DEVELOPMENT_TEAM = V2PX7DMZ4Q;
				INFOPLIST_FILE = DiceGameTests/Info.plist;
				IPHONEOS_DEPLOYMENT_TARGET = 14.0;
				LD_RUNPATH_SEARCH_PATHS = (
					"$(inherited)",
					"@executable_path/Frameworks",
					"@loader_path/Frameworks",
				);
				PRODUCT_BUNDLE_IDENTIFIER = sara.DiceGameTests;
				PRODUCT_NAME = "$(TARGET_NAME)";
				SWIFT_VERSION = 5.0;
				TARGETED_DEVICE_FAMILY = "1,2";
				TEST_HOST = "$(BUILT_PRODUCTS_DIR)/DiceGame.app/DiceGame";
			};
			name = Release;
		};
		D1EC09E425B9707C00402D76 /* Debug */ = {
			isa = XCBuildConfiguration;
			buildSettings = {
				ALWAYS_EMBED_SWIFT_STANDARD_LIBRARIES = YES;
				CODE_SIGN_STYLE = Automatic;
				DEVELOPMENT_TEAM = V2PX7DMZ4Q;
				INFOPLIST_FILE = DiceGameUITests/Info.plist;
				LD_RUNPATH_SEARCH_PATHS = (
					"$(inherited)",
					"@executable_path/Frameworks",
					"@loader_path/Frameworks",
				);
				PRODUCT_BUNDLE_IDENTIFIER = sara.DiceGameUITests;
				PRODUCT_NAME = "$(TARGET_NAME)";
				SWIFT_VERSION = 5.0;
				TARGETED_DEVICE_FAMILY = "1,2";
				TEST_TARGET_NAME = DiceGame;
			};
			name = Debug;
		};
		D1EC09E525B9707C00402D76 /* Release */ = {
			isa = XCBuildConfiguration;
			buildSettings = {
				ALWAYS_EMBED_SWIFT_STANDARD_LIBRARIES = YES;
				CODE_SIGN_STYLE = Automatic;
				DEVELOPMENT_TEAM = V2PX7DMZ4Q;
				INFOPLIST_FILE = DiceGameUITests/Info.plist;
				LD_RUNPATH_SEARCH_PATHS = (
					"$(inherited)",
					"@executable_path/Frameworks",
					"@loader_path/Frameworks",
				);
				PRODUCT_BUNDLE_IDENTIFIER = sara.DiceGameUITests;
				PRODUCT_NAME = "$(TARGET_NAME)";
				SWIFT_VERSION = 5.0;
				TARGETED_DEVICE_FAMILY = "1,2";
				TEST_TARGET_NAME = DiceGame;
			};
			name = Release;
		};
/* End XCBuildConfiguration section */

/* Begin XCConfigurationList section */
		D1EC09B325B9707300402D76 /* Build configuration list for PBXProject "DiceGame" */ = {
			isa = XCConfigurationList;
			buildConfigurations = (
				D1EC09DB25B9707C00402D76 /* Debug */,
				D1EC09DC25B9707C00402D76 /* Release */,
			);
			defaultConfigurationIsVisible = 0;
			defaultConfigurationName = Release;
		};
		D1EC09DD25B9707C00402D76 /* Build configuration list for PBXNativeTarget "DiceGame" */ = {
			isa = XCConfigurationList;
			buildConfigurations = (
				D1EC09DE25B9707C00402D76 /* Debug */,
				D1EC09DF25B9707C00402D76 /* Release */,
			);
			defaultConfigurationIsVisible = 0;
			defaultConfigurationName = Release;
		};
		D1EC09E025B9707C00402D76 /* Build configuration list for PBXNativeTarget "DiceGameTests" */ = {
			isa = XCConfigurationList;
			buildConfigurations = (
				D1EC09E125B9707C00402D76 /* Debug */,
				D1EC09E225B9707C00402D76 /* Release */,
			);
			defaultConfigurationIsVisible = 0;
			defaultConfigurationName = Release;
		};
		D1EC09E325B9707C00402D76 /* Build configuration list for PBXNativeTarget "DiceGameUITests" */ = {
			isa = XCConfigurationList;
			buildConfigurations = (
				D1EC09E425B9707C00402D76 /* Debug */,
				D1EC09E525B9707C00402D76 /* Release */,
			);
			defaultConfigurationIsVisible = 0;
			defaultConfigurationName = Release;
		};
/* End XCConfigurationList section */
	};
	rootObject = D1EC09B025B9707300402D76 /* Project object */;
}
